Microsoft Visual Studio Solution File, Format Version 12.00
# Visual Studio 2012
Project("{FAE04EC0-301F-11D3-BF4B-00C04F79EFBC}") = "SearchResultViewDemo", "SearchResultViewDemo\SearchResultViewDemo.csproj", "{CC182BFF-A7BA-43EA-8A48-FA86DBF81770}"
EndProject
Global
	GlobalSection(SolutionConfigurationPlatforms) = preSolution
		Debug|Any CPU = Debug|Any CPU
		Release|Any CPU = Release|Any CPU
	EndGlobalSection
	GlobalSection(ProjectConfigurationPlatforms) = postSolution
		{CC182BFF-A7BA-43EA-8A48-FA86DBF81770}.Debug|Any CPU.ActiveCfg = Debug|Any CPU
		{CC182BFF-A7BA-43EA-8A48-FA86DBF81770}.Debug|Any CPU.Build.0 = Debug|Any CPU
		{CC182BFF-A7BA-43EA-8A48-FA86DBF81770}.Release|Any CPU.ActiveCfg = Release|Any CPU
		{CC182BFF-A7BA-43EA-8A48-FA86DBF81770}.Release|Any CPU.Build.0 = Release|Any CPU
	EndGlobalSection
	GlobalSection(SolutionProperties) = preSolution
		HideSolutionNode = FALSE
	EndGlobalSection
EndGlobal
